# This file is generated by running "yarn install" inside your project.
# Manual changes might be lost - proceed with caution!

__metadata:
  version: 6
  cacheKey: 8

"@noble/curves@npm:1.7.0, @noble/curves@npm:~1.7.0":
  version: 1.7.0
  resolution: "@noble/curves@npm:1.7.0"
  dependencies:
    "@noble/hashes": 1.6.0
  checksum: e220b704f1e516f326fff985e794e840a267f5542e1388737142b08177672ebc41b460b5a5bf636d7622c68e8ae719bc042ccd8aed16dc14311450a94b5f2a05
  languageName: node
  linkType: hard

"@noble/hashes@npm:1.6.0, @noble/hashes@npm:~1.6.0":
  version: 1.6.0
  resolution: "@noble/hashes@npm:1.6.0"
  checksum: 07729b80108d2a9b862eb4e070d4f78ca7ee86b9a9c13a4f7c338ba47a15d4386dd283235da71f21ad515fa9f0b9429fc3da39d2f2b4a50e2442212d14cfd4a9
  languageName: node
  linkType: hard

"@scure/base@npm:1.2.1":
  version: 1.2.1
  resolution: "@scure/base@npm:1.2.1"
  checksum: 061e04e4f6ed7bada6cdad4c799e6a82f30dda3f4008895bdb2e556f333f9b41f44dc067d25c064357ed6c012ea9c8be1e7927caf8a083af865b8de27b52370c
  languageName: node
  linkType: hard

"@scure/starknet@npm:1.1.0":
  version: 1.1.0
  resolution: "@scure/starknet@npm:1.1.0"
  dependencies:
    "@noble/curves": ~1.7.0
    "@noble/hashes": ~1.6.0
  checksum: 7aa08f272c16e2ad6ef6d79e8d8e133fa56876a1e1dd276e9103bc7f6ac2bcff1974594be7e56b08203dbaed1b40353c1633b5673cd349969bb1769e6f0be8a0
  languageName: node
  linkType: hard

"@starknet-io/starknet-types-07@npm:@starknet-io/types-js@~0.7.10":
  version: 0.7.10
  resolution: "@starknet-io/types-js@npm:0.7.10"
  checksum: 8f71c57d0f101ebbde91e3016b73ab70ce3329ccb7463764a27a61db42b9ea14b690bd620a6b2dd4303e890b4a9212bdd40626962e0320e82e0c600fd3be5abf
  languageName: node
  linkType: hard

"@starknet-io/starknet-types-08@npm:@starknet-io/types-js@~0.8.4":
  version: 0.8.4
  resolution: "@starknet-io/types-js@npm:0.8.4"
  checksum: 5c42eeb216c8e91051977e8ef4f7ffdf1c225c13057c29c10d5cce25b7fe25ec0ad1f33e061add1a299447cf8ca5e85fed173ceb74c186d649810ddcc36f9027
  languageName: node
  linkType: hard

"@types/node@npm:^24.2.1":
  version: 24.2.1
  resolution: "@types/node@npm:24.2.1"
  dependencies:
    undici-types: ~7.10.0
  checksum: d7a12a35bcb6ade13787bd9b40d8f59b96170f228dfbd19326170b4df2a66ae86cf21eec6867e92f979405235431e580a9668b167aa3ce8e89531c00792551d3
  languageName: node
  linkType: hard

"abi-wan-kanabi@npm:2.2.4":
  version: 2.2.4
  resolution: "abi-wan-kanabi@npm:2.2.4"
  dependencies:
    ansicolors: ^0.3.2
    cardinal: ^2.1.1
    fs-extra: ^10.0.0
    yargs: ^17.7.2
  bin:
    generate: dist/generate.js
  checksum: 6d7cbb424f6e7fda479aaa586e114bbbe0f65bea19215f8a8847b7ab67bdf07baff42ea07c9cfba0f8067f2503490a1017eb3c9fc92df79b8f94a87301f705d4
  languageName: node
  linkType: hard

"ansi-regex@npm:^5.0.1":
  version: 5.0.1
  resolution: "ansi-regex@npm:5.0.1"
  checksum: 2aa4bb54caf2d622f1afdad09441695af2a83aa3fe8b8afa581d205e57ed4261c183c4d3877cee25794443fde5876417d859c108078ab788d6af7e4fe52eb66b
  languageName: node
  linkType: hard

"ansi-styles@npm:^4.0.0":
  version: 4.3.0
  resolution: "ansi-styles@npm:4.3.0"
  dependencies:
    color-convert: ^2.0.1
  checksum: 513b44c3b2105dd14cc42a19271e80f386466c4be574bccf60b627432f9198571ebf4ab1e4c3ba17347658f4ee1711c163d574248c0c1cdc2d5917a0ad582ec4
  languageName: node
  linkType: hard

"ansicolors@npm:^0.3.2, ansicolors@npm:~0.3.2":
  version: 0.3.2
  resolution: "ansicolors@npm:0.3.2"
  checksum: e84fae7ebc27ac96d9dbb57f35f078cd6dde1b7046b0f03f73dcefc9fbb1f2e82e3685d083466aded8faf038f9fa9ebb408d215282bcd7aaa301d5ac3c486815
  languageName: node
  linkType: hard

"cardinal@npm:^2.1.1":
  version: 2.1.1
  resolution: "cardinal@npm:2.1.1"
  dependencies:
    ansicolors: ~0.3.2
    redeyed: ~2.1.0
  bin:
    cdl: ./bin/cdl.js
  checksum: e8d4ae46439cf8fed481c0efd267711ee91e199aa7821a9143e784ed94a6495accd01a0b36d84d377e8ee2cc9928a6c9c123b03be761c60b805f2c026b8a99ad
  languageName: node
  linkType: hard

"cliui@npm:^8.0.1":
  version: 8.0.1
  resolution: "cliui@npm:8.0.1"
  dependencies:
    string-width: ^4.2.0
    strip-ansi: ^6.0.1
    wrap-ansi: ^7.0.0
  checksum: 79648b3b0045f2e285b76fb2e24e207c6db44323581e421c3acbd0e86454cba1b37aea976ab50195a49e7384b871e6dfb2247ad7dec53c02454ac6497394cb56
  languageName: node
  linkType: hard

"color-convert@npm:^2.0.1":
  version: 2.0.1
  resolution: "color-convert@npm:2.0.1"
  dependencies:
    color-name: ~1.1.4
  checksum: 79e6bdb9fd479a205c71d89574fccfb22bd9053bd98c6c4d870d65c132e5e904e6034978e55b43d69fcaa7433af2016ee203ce76eeba9cfa554b373e7f7db336
  languageName: node
  linkType: hard

"color-name@npm:~1.1.4":
  version: 1.1.4
  resolution: "color-name@npm:1.1.4"
  checksum: b0445859521eb4021cd0fb0cc1a75cecf67fceecae89b63f62b201cca8d345baf8b952c966862a9d9a2632987d4f6581f0ec8d957dfacece86f0a7919316f610
  languageName: node
  linkType: hard

"emoji-regex@npm:^8.0.0":
  version: 8.0.0
  resolution: "emoji-regex@npm:8.0.0"
  checksum: d4c5c39d5a9868b5fa152f00cada8a936868fd3367f33f71be515ecee4c803132d11b31a6222b2571b1e5f7e13890156a94880345594d0ce7e3c9895f560f192
  languageName: node
  linkType: hard

"escalade@npm:^3.1.1":
  version: 3.2.0
  resolution: "escalade@npm:3.2.0"
  checksum: 47b029c83de01b0d17ad99ed766347b974b0d628e848de404018f3abee728e987da0d2d370ad4574aa3d5b5bfc368754fd085d69a30f8e75903486ec4b5b709e
  languageName: node
  linkType: hard

"esprima@npm:~4.0.0":
  version: 4.0.1
  resolution: "esprima@npm:4.0.1"
  bin:
    esparse: ./bin/esparse.js
    esvalidate: ./bin/esvalidate.js
  checksum: b45bc805a613dbea2835278c306b91aff6173c8d034223fa81498c77dcbce3b2931bf6006db816f62eacd9fd4ea975dfd85a5b7f3c6402cfd050d4ca3c13a628
  languageName: node
  linkType: hard

"fs-extra@npm:^10.0.0":
  version: 10.1.0
  resolution: "fs-extra@npm:10.1.0"
  dependencies:
    graceful-fs: ^4.2.0
    jsonfile: ^6.0.1
    universalify: ^2.0.0
  checksum: dc94ab37096f813cc3ca12f0f1b5ad6744dfed9ed21e953d72530d103cea193c2f81584a39e9dee1bea36de5ee66805678c0dddc048e8af1427ac19c00fffc50
  languageName: node
  linkType: hard

"get-caller-file@npm:^2.0.5":
  version: 2.0.5
  resolution: "get-caller-file@npm:2.0.5"
  checksum: b9769a836d2a98c3ee734a88ba712e62703f1df31b94b784762c433c27a386dd6029ff55c2a920c392e33657d80191edbf18c61487e198844844516f843496b9
  languageName: node
  linkType: hard

"graceful-fs@npm:^4.1.6, graceful-fs@npm:^4.2.0":
  version: 4.2.11
  resolution: "graceful-fs@npm:4.2.11"
  checksum: ac85f94da92d8eb6b7f5a8b20ce65e43d66761c55ce85ac96df6865308390da45a8d3f0296dd3a663de65d30ba497bd46c696cc1e248c72b13d6d567138a4fc7
  languageName: node
  linkType: hard

"is-fullwidth-code-point@npm:^3.0.0":
  version: 3.0.0
  resolution: "is-fullwidth-code-point@npm:3.0.0"
  checksum: 44a30c29457c7fb8f00297bce733f0a64cd22eca270f83e58c105e0d015e45c019491a4ab2faef91ab51d4738c670daff901c799f6a700e27f7314029e99e348
  languageName: node
  linkType: hard

"jsonfile@npm:^6.0.1":
  version: 6.1.0
  resolution: "jsonfile@npm:6.1.0"
  dependencies:
    graceful-fs: ^4.1.6
    universalify: ^2.0.0
  dependenciesMeta:
    graceful-fs:
      optional: true
  checksum: 7af3b8e1ac8fe7f1eccc6263c6ca14e1966fcbc74b618d3c78a0a2075579487547b94f72b7a1114e844a1e15bb00d440e5d1720bfc4612d790a6f285d5ea8354
  languageName: node
  linkType: hard

"lossless-json@npm:^4.0.1":
  version: 4.1.1
  resolution: "lossless-json@npm:4.1.1"
  checksum: 06c2b11bf6a5f64fde2dca706ad6ff801a84efca629644b800a831bc02b62abb1d6587b8275ea023ec7fbeff1946a5b00857ced0cbb327d20eceff65e93c519d
  languageName: node
  linkType: hard

"pako@npm:^2.0.4":
  version: 2.1.0
  resolution: "pako@npm:2.1.0"
  checksum: 71666548644c9a4d056bcaba849ca6fd7242c6cf1af0646d3346f3079a1c7f4a66ffec6f7369ee0dc88f61926c10d6ab05da3e1fca44b83551839e89edd75a3e
  languageName: node
  linkType: hard

"redeyed@npm:~2.1.0":
  version: 2.1.1
  resolution: "redeyed@npm:2.1.1"
  dependencies:
    esprima: ~4.0.0
  checksum: 39a1426e377727cfb47a0e24e95c1cf78d969fbc388dc1e0fa1e2ef8a8756450cefb8b0c2598f63b85f1a331986fca7604c0db798427a5775a1dbdb9c1291979
  languageName: node
  linkType: hard

"require-directory@npm:^2.1.1":
  version: 2.1.1
  resolution: "require-directory@npm:2.1.1"
  checksum: fb47e70bf0001fdeabdc0429d431863e9475e7e43ea5f94ad86503d918423c1543361cc5166d713eaa7029dd7a3d34775af04764bebff99ef413111a5af18c80
  languageName: node
  linkType: hard

"starknet@npm:^7.6.4":
  version: 7.6.4
  resolution: "starknet@npm:7.6.4"
  dependencies:
    "@noble/curves": 1.7.0
    "@noble/hashes": 1.6.0
    "@scure/base": 1.2.1
    "@scure/starknet": 1.1.0
    "@starknet-io/starknet-types-07": "npm:@starknet-io/types-js@~0.7.10"
    "@starknet-io/starknet-types-08": "npm:@starknet-io/types-js@~0.8.4"
    abi-wan-kanabi: 2.2.4
    lossless-json: ^4.0.1
    pako: ^2.0.4
    ts-mixer: ^6.0.3
  checksum: a7c6de5ee93d77a4cc6bc7c7a7f882193ddce4279c4e94b0d7861403fedded243ff1c147685e0fea03e52b77198fa45cc950ce504149dd9e141a56cc19cdbca2
  languageName: node
  linkType: hard

"string-width@npm:^4.1.0, string-width@npm:^4.2.0, string-width@npm:^4.2.3":
  version: 4.2.3
  resolution: "string-width@npm:4.2.3"
  dependencies:
    emoji-regex: ^8.0.0
    is-fullwidth-code-point: ^3.0.0
    strip-ansi: ^6.0.1
  checksum: e52c10dc3fbfcd6c3a15f159f54a90024241d0f149cf8aed2982a2d801d2e64df0bf1dc351cf8e95c3319323f9f220c16e740b06faecd53e2462df1d2b5443fb
  languageName: node
  linkType: hard

"strip-ansi@npm:^6.0.0, strip-ansi@npm:^6.0.1":
  version: 6.0.1
  resolution: "strip-ansi@npm:6.0.1"
  dependencies:
    ansi-regex: ^5.0.1
  checksum: f3cd25890aef3ba6e1a74e20896c21a46f482e93df4a06567cebf2b57edabb15133f1f94e57434e0a958d61186087b1008e89c94875d019910a213181a14fc8c
  languageName: node
  linkType: hard

"ts-mixer@npm:^6.0.3":
  version: 6.0.4
  resolution: "ts-mixer@npm:6.0.4"
  checksum: 36b1af526befd74345e736e9aa16f5c28876ebcea07784da14d929149fd7e6028cfd2fe9304c8efe8cb91b588443a9cc9e991df58e4c6e602326edbaae2af3ab
  languageName: node
  linkType: hard

"ts@workspace:.":
  version: 0.0.0-use.local
  resolution: "ts@workspace:."
  dependencies:
    "@types/node": ^24.2.1
    starknet: ^7.6.4
    typescript: ^5.9.2
  languageName: unknown
  linkType: soft

"typescript@npm:^5.9.2":
  version: 5.9.2
  resolution: "typescript@npm:5.9.2"
  bin:
    tsc: bin/tsc
    tsserver: bin/tsserver
  checksum: f619cf6773cfe31409279711afd68cdf0859780006c50bc2a7a0c3227f85dea89a3b97248846326f3a17dad72ea90ec27cf61a8387772c680b2252fd02d8497b
  languageName: node
  linkType: hard

"typescript@patch:typescript@^5.9.2#~builtin<compat/typescript>":
  version: 5.9.2
  resolution: "typescript@patch:typescript@npm%3A5.9.2#~builtin<compat/typescript>::version=5.9.2&hash=a1c5e5"
  bin:
    tsc: bin/tsc
    tsserver: bin/tsserver
  checksum: e42a701947325500008334622321a6ad073f842f5e7d5e7b588a6346b31fdf51d56082b9ce5cef24312ecd3e48d6c0d4d44da7555f65e2feec18cf62ec540385
  languageName: node
  linkType: hard

"undici-types@npm:~7.10.0":
  version: 7.10.0
  resolution: "undici-types@npm:7.10.0"
  checksum: 6917fcd8c80963919fe918952f9243a6749af0e3f759a39f8d2c2486144a66c86ae4125aebbce700b636cb1dcd45e85eb8c49c60d60738a97b63f0e89ef9b053
  languageName: node
  linkType: hard

"universalify@npm:^2.0.0":
  version: 2.0.1
  resolution: "universalify@npm:2.0.1"
  checksum: ecd8469fe0db28e7de9e5289d32bd1b6ba8f7183db34f3bfc4ca53c49891c2d6aa05f3fb3936a81285a905cc509fb641a0c3fc131ec786167eff41236ae32e60
  languageName: node
  linkType: hard

"wrap-ansi@npm:^7.0.0":
  version: 7.0.0
  resolution: "wrap-ansi@npm:7.0.0"
  dependencies:
    ansi-styles: ^4.0.0
    string-width: ^4.1.0
    strip-ansi: ^6.0.0
  checksum: a790b846fd4505de962ba728a21aaeda189b8ee1c7568ca5e817d85930e06ef8d1689d49dbf0e881e8ef84436af3a88bc49115c2e2788d841ff1b8b5b51a608b
  languageName: node
  linkType: hard

"y18n@npm:^5.0.5":
  version: 5.0.8
  resolution: "y18n@npm:5.0.8"
  checksum: 54f0fb95621ee60898a38c572c515659e51cc9d9f787fb109cef6fde4befbe1c4602dc999d30110feee37456ad0f1660fa2edcfde6a9a740f86a290999550d30
  languageName: node
  linkType: hard

"yargs-parser@npm:^21.1.1":
  version: 21.1.1
  resolution: "yargs-parser@npm:21.1.1"
  checksum: ed2d96a616a9e3e1cc7d204c62ecc61f7aaab633dcbfab2c6df50f7f87b393993fe6640d017759fe112d0cb1e0119f2b4150a87305cc873fd90831c6a58ccf1c
  languageName: node
  linkType: hard

"yargs@npm:^17.7.2":
  version: 17.7.2
  resolution: "yargs@npm:17.7.2"
  dependencies:
    cliui: ^8.0.1
    escalade: ^3.1.1
    get-caller-file: ^2.0.5
    require-directory: ^2.1.1
    string-width: ^4.2.3
    y18n: ^5.0.5
    yargs-parser: ^21.1.1
  checksum: 73b572e863aa4a8cbef323dd911d79d193b772defd5a51aab0aca2d446655216f5002c42c5306033968193bdbf892a7a4c110b0d77954a7fdf563e653967b56a
  languageName: node
  linkType: hard
